
Microsoft Visual Studio Solution File, Format Version 12.00
# Visual Studio Version 17
VisualStudioVersion = 17.10.35013.160
MinimumVisualStudioVersion = 10.0.40219.1
Project("{2150E333-8FDC-42A3-9474-1A3956D46DE8}") = "src", "src", "{79715B39-CC88-4A32-B17A-F36E3BDFD055}"
EndProject
Project("{2150E333-8FDC-42A3-9474-1A3956D46DE8}") = "tests", "tests", "{6F95788D-F985-43F5-98E3-DAF950F9BB7F}"
EndProject
Project("{2150E333-8FDC-42A3-9474-1A3956D46DE8}") = "Core", "Core", "{96963F5B-C0CE-4A67-A995-16E66B0DAF0C}"
EndProject
Project("{2150E333-8FDC-42A3-9474-1A3956D46DE8}") = "Infrastructure", "Infrastructure", "{9D0CF410-4777-4E2C-A7E4-B3E0DDCC6FB8}"
EndProject
Project("{2150E333-8FDC-42A3-9474-1A3956D46DE8}") = "API", "API", "{4DF40380-ACA5-44FA-88DA-156D918C7EB8}"
EndProject
Project("{9A19103F-16F7-4668-BE54-9A1E7A4F7556}") = "EnhanceSure.Application", "EnhanceSure.Application\EnhanceSure.Application.csproj", "{5AE5F9FE-1F2F-49AB-ABE7-ECB0ECBA6460}"
EndProject
Project("{9A19103F-16F7-4668-BE54-9A1E7A4F7556}") = "EnhanceSure.Domain", "EnhanceSure.Domain\EnhanceSure.Domain.csproj", "{F86F3681-AF20-49F6-BF05-E1C09022E89E}"
EndProject
Project("{9A19103F-16F7-4668-BE54-9A1E7A4F7556}") = "EnhanceSure.API", "EnhanceSure.API\EnhanceSure.API.csproj", "{083BF638-D4C0-4E57-821B-71A2D6085404}"
EndProject
Project("{2150E333-8FDC-42A3-9474-1A3956D46DE8}") = "UI", "UI", "{3F310B6B-18B3-4368-8A6D-BF166A46FD61}"
EndProject
Project("{9A19103F-16F7-4668-BE54-9A1E7A4F7556}") = "EnhanceSure.Infrastructure", "EnhanceSure.Infrastructure\EnhanceSure.Infrastructure.csproj", "{EE247A1D-696F-4E51-809A-A2B19D847988}"
EndProject
Project("{9A19103F-16F7-4668-BE54-9A1E7A4F7556}") = "EnhanceSure.Persistance", "EnhanceSure.Persistance\EnhanceSure.Persistance.csproj", "{C15088B5-5E34-4747-B302-01862E434970}"
EndProject
Project("{54A90642-561A-4BB1-A94E-469ADEE60C69}") = "Enhancesure.NGUI", "Enhancesure.NGUI\Enhancesure.NGUI.esproj", "{40DCE600-0B24-4DB8-899B-A0C9BFA2F73C}"
EndProject
Project("{2150E333-8FDC-42A3-9474-1A3956D46DE8}") = "Solution Items", "Solution Items", "{66BC31F8-D21D-4726-AEB1-BA2D7579F59F}"
	ProjectSection(SolutionItems) = preProject
		Directory.Build.porps = Directory.Build.porps
		editorConfigurationSettings = editorConfigurationSettings
	EndProjectSection
EndProject
Project("{2150E333-8FDC-42A3-9474-1A3956D46DE8}") = "API", "API", "{BF7A999E-4879-45E2-BA4A-A3B7666E6637}"
EndProject
Project("{FAE04EC0-301F-11D3-BF4B-00C04F79EFBC}") = "EnhanceSure.API.Tests", "EnhanceSure.API.Tests\EnhanceSure.API.Tests.csproj", "{CE0DEDF9-02B4-4D67-A7AF-5D323D7B09B4}"
EndProject
Project("{2150E333-8FDC-42A3-9474-1A3956D46DE8}") = "Core", "Core", "{91A4F2E9-C7CA-418B-A858-0B0C75F85BF4}"
EndProject
Project("{FAE04EC0-301F-11D3-BF4B-00C04F79EFBC}") = "EnhanceSure.Application.Tests", "EnhanceSure.Application.Tests\EnhanceSure.Application.Tests.csproj", "{F5011FD7-899B-4964-B421-7A0DE48AA35D}"
EndProject
Project("{2150E333-8FDC-42A3-9474-1A3956D46DE8}") = "Infrastructure", "Infrastructure", "{F5036C81-E6EB-42E5-AD29-22942826497D}"
EndProject
Project("{FAE04EC0-301F-11D3-BF4B-00C04F79EFBC}") = "EnhanceSure.Infrastructure.Tests", "EnhanceSure.Infrastructure.Tests\EnhanceSure.Infrastructure.Tests.csproj", "{15720E26-28F8-418F-AA02-CF08AABA8470}"
EndProject
Project("{FAE04EC0-301F-11D3-BF4B-00C04F79EFBC}") = "EnhanceSure.Persistance.Tests", "EnhanceSure.Persistance.Tests\EnhanceSure.Persistance.Tests.csproj", "{9D85CE91-F068-4922-89D1-5E2BFDF553C6}"
EndProject
Global
	GlobalSection(SolutionConfigurationPlatforms) = preSolution
		Debug|Any CPU = Debug|Any CPU
		Release|Any CPU = Release|Any CPU
	EndGlobalSection
	GlobalSection(ProjectConfigurationPlatforms) = postSolution
		{5AE5F9FE-1F2F-49AB-ABE7-ECB0ECBA6460}.Debug|Any CPU.ActiveCfg = Debug|Any CPU
		{5AE5F9FE-1F2F-49AB-ABE7-ECB0ECBA6460}.Debug|Any CPU.Build.0 = Debug|Any CPU
		{5AE5F9FE-1F2F-49AB-ABE7-ECB0ECBA6460}.Release|Any CPU.ActiveCfg = Release|Any CPU
		{5AE5F9FE-1F2F-49AB-ABE7-ECB0ECBA6460}.Release|Any CPU.Build.0 = Release|Any CPU
		{F86F3681-AF20-49F6-BF05-E1C09022E89E}.Debug|Any CPU.ActiveCfg = Debug|Any CPU
		{F86F3681-AF20-49F6-BF05-E1C09022E89E}.Debug|Any CPU.Build.0 = Debug|Any CPU
		{F86F3681-AF20-49F6-BF05-E1C09022E89E}.Release|Any CPU.ActiveCfg = Release|Any CPU
		{F86F3681-AF20-49F6-BF05-E1C09022E89E}.Release|Any CPU.Build.0 = Release|Any CPU
		{083BF638-D4C0-4E57-821B-71A2D6085404}.Debug|Any CPU.ActiveCfg = Debug|Any CPU
		{083BF638-D4C0-4E57-821B-71A2D6085404}.Debug|Any CPU.Build.0 = Debug|Any CPU
		{083BF638-D4C0-4E57-821B-71A2D6085404}.Release|Any CPU.ActiveCfg = Release|Any CPU
		{083BF638-D4C0-4E57-821B-71A2D6085404}.Release|Any CPU.Build.0 = Release|Any CPU
		{EE247A1D-696F-4E51-809A-A2B19D847988}.Debug|Any CPU.ActiveCfg = Debug|Any CPU
		{EE247A1D-696F-4E51-809A-A2B19D847988}.Debug|Any CPU.Build.0 = Debug|Any CPU
		{EE247A1D-696F-4E51-809A-A2B19D847988}.Release|Any CPU.ActiveCfg = Release|Any CPU
		{EE247A1D-696F-4E51-809A-A2B19D847988}.Release|Any CPU.Build.0 = Release|Any CPU
		{C15088B5-5E34-4747-B302-01862E434970}.Debug|Any CPU.ActiveCfg = Debug|Any CPU
		{C15088B5-5E34-4747-B302-01862E434970}.Debug|Any CPU.Build.0 = Debug|Any CPU
		{C15088B5-5E34-4747-B302-01862E434970}.Release|Any CPU.ActiveCfg = Release|Any CPU
		{C15088B5-5E34-4747-B302-01862E434970}.Release|Any CPU.Build.0 = Release|Any CPU
		{40DCE600-0B24-4DB8-899B-A0C9BFA2F73C}.Debug|Any CPU.ActiveCfg = Debug|Any CPU
		{40DCE600-0B24-4DB8-899B-A0C9BFA2F73C}.Debug|Any CPU.Build.0 = Debug|Any CPU
		{40DCE600-0B24-4DB8-899B-A0C9BFA2F73C}.Debug|Any CPU.Deploy.0 = Debug|Any CPU
		{40DCE600-0B24-4DB8-899B-A0C9BFA2F73C}.Release|Any CPU.ActiveCfg = Release|Any CPU
		{40DCE600-0B24-4DB8-899B-A0C9BFA2F73C}.Release|Any CPU.Build.0 = Release|Any CPU
		{40DCE600-0B24-4DB8-899B-A0C9BFA2F73C}.Release|Any CPU.Deploy.0 = Release|Any CPU
		{CE0DEDF9-02B4-4D67-A7AF-5D323D7B09B4}.Debug|Any CPU.ActiveCfg = Debug|Any CPU
		{CE0DEDF9-02B4-4D67-A7AF-5D323D7B09B4}.Debug|Any CPU.Build.0 = Debug|Any CPU
		{CE0DEDF9-02B4-4D67-A7AF-5D323D7B09B4}.Release|Any CPU.ActiveCfg = Release|Any CPU
		{CE0DEDF9-02B4-4D67-A7AF-5D323D7B09B4}.Release|Any CPU.Build.0 = Release|Any CPU
		{F5011FD7-899B-4964-B421-7A0DE48AA35D}.Debug|Any CPU.ActiveCfg = Debug|Any CPU
		{F5011FD7-899B-4964-B421-7A0DE48AA35D}.Debug|Any CPU.Build.0 = Debug|Any CPU
		{F5011FD7-899B-4964-B421-7A0DE48AA35D}.Release|Any CPU.ActiveCfg = Release|Any CPU
		{F5011FD7-899B-4964-B421-7A0DE48AA35D}.Release|Any CPU.Build.0 = Release|Any CPU
		{15720E26-28F8-418F-AA02-CF08AABA8470}.Debug|Any CPU.ActiveCfg = Debug|Any CPU
		{15720E26-28F8-418F-AA02-CF08AABA8470}.Debug|Any CPU.Build.0 = Debug|Any CPU
		{15720E26-28F8-418F-AA02-CF08AABA8470}.Release|Any CPU.ActiveCfg = Release|Any CPU
		{15720E26-28F8-418F-AA02-CF08AABA8470}.Release|Any CPU.Build.0 = Release|Any CPU
		{9D85CE91-F068-4922-89D1-5E2BFDF553C6}.Debug|Any CPU.ActiveCfg = Debug|Any CPU
		{9D85CE91-F068-4922-89D1-5E2BFDF553C6}.Debug|Any CPU.Build.0 = Debug|Any CPU
		{9D85CE91-F068-4922-89D1-5E2BFDF553C6}.Release|Any CPU.ActiveCfg = Release|Any CPU
		{9D85CE91-F068-4922-89D1-5E2BFDF553C6}.Release|Any CPU.Build.0 = Release|Any CPU
	EndGlobalSection
	GlobalSection(SolutionProperties) = preSolution
		HideSolutionNode = FALSE
	EndGlobalSection
	GlobalSection(NestedProjects) = preSolution
		{96963F5B-C0CE-4A67-A995-16E66B0DAF0C} = {79715B39-CC88-4A32-B17A-F36E3BDFD055}
		{9D0CF410-4777-4E2C-A7E4-B3E0DDCC6FB8} = {79715B39-CC88-4A32-B17A-F36E3BDFD055}
		{4DF40380-ACA5-44FA-88DA-156D918C7EB8} = {79715B39-CC88-4A32-B17A-F36E3BDFD055}
		{5AE5F9FE-1F2F-49AB-ABE7-ECB0ECBA6460} = {96963F5B-C0CE-4A67-A995-16E66B0DAF0C}
		{F86F3681-AF20-49F6-BF05-E1C09022E89E} = {96963F5B-C0CE-4A67-A995-16E66B0DAF0C}
		{083BF638-D4C0-4E57-821B-71A2D6085404} = {4DF40380-ACA5-44FA-88DA-156D918C7EB8}
		{3F310B6B-18B3-4368-8A6D-BF166A46FD61} = {79715B39-CC88-4A32-B17A-F36E3BDFD055}
		{EE247A1D-696F-4E51-809A-A2B19D847988} = {9D0CF410-4777-4E2C-A7E4-B3E0DDCC6FB8}
		{C15088B5-5E34-4747-B302-01862E434970} = {9D0CF410-4777-4E2C-A7E4-B3E0DDCC6FB8}
		{40DCE600-0B24-4DB8-899B-A0C9BFA2F73C} = {3F310B6B-18B3-4368-8A6D-BF166A46FD61}
		{BF7A999E-4879-45E2-BA4A-A3B7666E6637} = {6F95788D-F985-43F5-98E3-DAF950F9BB7F}
		{CE0DEDF9-02B4-4D67-A7AF-5D323D7B09B4} = {BF7A999E-4879-45E2-BA4A-A3B7666E6637}
		{91A4F2E9-C7CA-418B-A858-0B0C75F85BF4} = {6F95788D-F985-43F5-98E3-DAF950F9BB7F}
		{F5011FD7-899B-4964-B421-7A0DE48AA35D} = {91A4F2E9-C7CA-418B-A858-0B0C75F85BF4}
		{F5036C81-E6EB-42E5-AD29-22942826497D} = {6F95788D-F985-43F5-98E3-DAF950F9BB7F}
		{15720E26-28F8-418F-AA02-CF08AABA8470} = {F5036C81-E6EB-42E5-AD29-22942826497D}
		{9D85CE91-F068-4922-89D1-5E2BFDF553C6} = {F5036C81-E6EB-42E5-AD29-22942826497D}
	EndGlobalSection
	GlobalSection(ExtensibilityGlobals) = postSolution
		SolutionGuid = {9FA2E1E3-8180-4501-B2AB-ABFF1CAAF56F}
	EndGlobalSection
EndGlobal
